name: Dependabot Lock Updater

on:
  pull_request:
    branches: [main]
    paths:
      - 'pyproject.toml'

permissions:
  contents: write

jobs:
  update-lock:
    if: github.actor == 'dependabot[bot]'
    runs-on: ubuntu-latest
    steps:
      - name: Checkout
        uses: actions/checkout@v6
        with:
          ref: ${{ github.event.pull_request.head.ref }}
          persist-credentials: true

      - name: Install uv
        uses: astral-sh/setup-uv@v7
        with:
          python-version: "3.12"

      - name: Update uv.lock
        run: |
          uv lock
          git config --global user.name "github-actions[bot]"
          git config --global user.email "github-actions[bot]@users.noreply.github.com"
          
          if [[ -n "$(git status --porcelain uv.lock)" ]]; then
            git add uv.lock
            git commit -m "chore: update uv.lock for dependabot"
            git push
          else
            echo "No changes in uv.lock"
          fi